
Microsoft Visual Studio Solution File, Format Version 12.00
# Visual Studio Version 17
VisualStudioVersion = 17.13.35931.197 d17.13
MinimumVisualStudioVersion = 10.0.40219.1
Project("{FAE04EC0-301F-11D3-BF4B-00C04F79EFBC}") = "H6_T1", "H6_T1.csproj", "{98BD4335-6167-4A6A-92D8-97EB5A8D6249}"
EndProject
Global
	GlobalSection(SolutionConfigurationPlatforms) = preSolution
		Debug|Any CPU = Debug|Any CPU
		Release|Any CPU = Release|Any CPU
	EndGlobalSection
	GlobalSection(ProjectConfigurationPlatforms) = postSolution
		{98BD4335-6167-4A6A-92D8-97EB5A8D6249}.Debug|Any CPU.ActiveCfg = Debug|Any CPU
		{98BD4335-6167-4A6A-92D8-97EB5A8D6249}.Debug|Any CPU.Build.0 = Debug|Any CPU
		{98BD4335-6167-4A6A-92D8-97EB5A8D6249}.Release|Any CPU.ActiveCfg = Release|Any CPU
		{98BD4335-6167-4A6A-92D8-97EB5A8D6249}.Release|Any CPU.Build.0 = Release|Any CPU
	EndGlobalSection
	GlobalSection(SolutionProperties) = preSolution
		HideSolutionNode = FALSE
	EndGlobalSection
	GlobalSection(ExtensibilityGlobals) = postSolution
		SolutionGuid = {F14C9507-592E-4A95-9CEE-3F24F162E70D}
	EndGlobalSection
EndGlobal
