
Microsoft Visual Studio Solution File, Format Version 12.00
# Visual Studio Version 17
VisualStudioVersion = 17.13.35931.197 d17.13
MinimumVisualStudioVersion = 10.0.40219.1
Project("{FAE04EC0-301F-11D3-BF4B-00C04F79EFBC}") = "H5_T1", "H5_T1.csproj", "{BF10A540-4F5F-45A1-8387-F688796555A7}"
EndProject
Global
	GlobalSection(SolutionConfigurationPlatforms) = preSolution
		Debug|Any CPU = Debug|Any CPU
		Release|Any CPU = Release|Any CPU
	EndGlobalSection
	GlobalSection(ProjectConfigurationPlatforms) = postSolution
		{BF10A540-4F5F-45A1-8387-F688796555A7}.Debug|Any CPU.ActiveCfg = Debug|Any CPU
		{BF10A540-4F5F-45A1-8387-F688796555A7}.Debug|Any CPU.Build.0 = Debug|Any CPU
		{BF10A540-4F5F-45A1-8387-F688796555A7}.Release|Any CPU.ActiveCfg = Release|Any CPU
		{BF10A540-4F5F-45A1-8387-F688796555A7}.Release|Any CPU.Build.0 = Release|Any CPU
	EndGlobalSection
	GlobalSection(SolutionProperties) = preSolution
		HideSolutionNode = FALSE
	EndGlobalSection
	GlobalSection(ExtensibilityGlobals) = postSolution
		SolutionGuid = {65DC0666-2EA2-47BC-ABFA-AB9055ED5D98}
	EndGlobalSection
EndGlobal
