
Microsoft Visual Studio Solution File, Format Version 12.00
# Visual Studio Version 17
VisualStudioVersion = 17.13.35931.197 d17.13
MinimumVisualStudioVersion = 10.0.40219.1
Project("{FAE04EC0-301F-11D3-BF4B-00C04F79EFBC}") = "H9_T1", "H9_T1.csproj", "{F8F37E35-F8EE-47E6-9BAF-952E8FF55A2B}"
EndProject
Global
	GlobalSection(SolutionConfigurationPlatforms) = preSolution
		Debug|Any CPU = Debug|Any CPU
		Release|Any CPU = Release|Any CPU
	EndGlobalSection
	GlobalSection(ProjectConfigurationPlatforms) = postSolution
		{F8F37E35-F8EE-47E6-9BAF-952E8FF55A2B}.Debug|Any CPU.ActiveCfg = Debug|Any CPU
		{F8F37E35-F8EE-47E6-9BAF-952E8FF55A2B}.Debug|Any CPU.Build.0 = Debug|Any CPU
		{F8F37E35-F8EE-47E6-9BAF-952E8FF55A2B}.Release|Any CPU.ActiveCfg = Release|Any CPU
		{F8F37E35-F8EE-47E6-9BAF-952E8FF55A2B}.Release|Any CPU.Build.0 = Release|Any CPU
	EndGlobalSection
	GlobalSection(SolutionProperties) = preSolution
		HideSolutionNode = FALSE
	EndGlobalSection
	GlobalSection(ExtensibilityGlobals) = postSolution
		SolutionGuid = {32DDB8D2-A785-4F02-ACEA-255888B97FC1}
	EndGlobalSection
EndGlobal
