
Microsoft Visual Studio Solution File, Format Version 12.00
# Visual Studio Version 17
VisualStudioVersion = 17.13.35931.197 d17.13
MinimumVisualStudioVersion = 10.0.40219.1
Project("{FAE04EC0-301F-11D3-BF4B-00C04F79EFBC}") = "H8_T3", "H8_T3.csproj", "{1524DEDD-4498-47B9-AF6D-3D3D8E7838C7}"
EndProject
Global
	GlobalSection(SolutionConfigurationPlatforms) = preSolution
		Debug|Any CPU = Debug|Any CPU
		Release|Any CPU = Release|Any CPU
	EndGlobalSection
	GlobalSection(ProjectConfigurationPlatforms) = postSolution
		{1524DEDD-4498-47B9-AF6D-3D3D8E7838C7}.Debug|Any CPU.ActiveCfg = Debug|Any CPU
		{1524DEDD-4498-47B9-AF6D-3D3D8E7838C7}.Debug|Any CPU.Build.0 = Debug|Any CPU
		{1524DEDD-4498-47B9-AF6D-3D3D8E7838C7}.Release|Any CPU.ActiveCfg = Release|Any CPU
		{1524DEDD-4498-47B9-AF6D-3D3D8E7838C7}.Release|Any CPU.Build.0 = Release|Any CPU
	EndGlobalSection
	GlobalSection(SolutionProperties) = preSolution
		HideSolutionNode = FALSE
	EndGlobalSection
	GlobalSection(ExtensibilityGlobals) = postSolution
		SolutionGuid = {38F855BC-D6E9-4A6D-9EAD-7C67C0E7CA98}
	EndGlobalSection
EndGlobal
