
Microsoft Visual Studio Solution File, Format Version 12.00
# Visual Studio Version 17
VisualStudioVersion = 17.13.35931.197 d17.13
MinimumVisualStudioVersion = 10.0.40219.1
Project("{FAE04EC0-301F-11D3-BF4B-00C04F79EFBC}") = "H4_T3", "H4_T3.csproj", "{E2C7EF0C-451D-4DE6-9505-1DD90FE41C51}"
EndProject
Global
	GlobalSection(SolutionConfigurationPlatforms) = preSolution
		Debug|Any CPU = Debug|Any CPU
		Release|Any CPU = Release|Any CPU
	EndGlobalSection
	GlobalSection(ProjectConfigurationPlatforms) = postSolution
		{E2C7EF0C-451D-4DE6-9505-1DD90FE41C51}.Debug|Any CPU.ActiveCfg = Debug|Any CPU
		{E2C7EF0C-451D-4DE6-9505-1DD90FE41C51}.Debug|Any CPU.Build.0 = Debug|Any CPU
		{E2C7EF0C-451D-4DE6-9505-1DD90FE41C51}.Release|Any CPU.ActiveCfg = Release|Any CPU
		{E2C7EF0C-451D-4DE6-9505-1DD90FE41C51}.Release|Any CPU.Build.0 = Release|Any CPU
	EndGlobalSection
	GlobalSection(SolutionProperties) = preSolution
		HideSolutionNode = FALSE
	EndGlobalSection
	GlobalSection(ExtensibilityGlobals) = postSolution
		SolutionGuid = {E1690CA4-7474-4A06-8726-D6560CE62125}
	EndGlobalSection
EndGlobal
