
Microsoft Visual Studio Solution File, Format Version 12.00
# Visual Studio Version 17
VisualStudioVersion = 17.13.35931.197 d17.13
MinimumVisualStudioVersion = 10.0.40219.1
Project("{FAE04EC0-301F-11D3-BF4B-00C04F79EFBC}") = "H9_T2", "H9_T2.csproj", "{61574434-9F25-41EA-946F-2B634B629057}"
EndProject
Global
	GlobalSection(SolutionConfigurationPlatforms) = preSolution
		Debug|Any CPU = Debug|Any CPU
		Release|Any CPU = Release|Any CPU
	EndGlobalSection
	GlobalSection(ProjectConfigurationPlatforms) = postSolution
		{61574434-9F25-41EA-946F-2B634B629057}.Debug|Any CPU.ActiveCfg = Debug|Any CPU
		{61574434-9F25-41EA-946F-2B634B629057}.Debug|Any CPU.Build.0 = Debug|Any CPU
		{61574434-9F25-41EA-946F-2B634B629057}.Release|Any CPU.ActiveCfg = Release|Any CPU
		{61574434-9F25-41EA-946F-2B634B629057}.Release|Any CPU.Build.0 = Release|Any CPU
	EndGlobalSection
	GlobalSection(SolutionProperties) = preSolution
		HideSolutionNode = FALSE
	EndGlobalSection
	GlobalSection(ExtensibilityGlobals) = postSolution
		SolutionGuid = {AE12AD27-0A48-4B22-A0F5-DC16AB23F062}
	EndGlobalSection
EndGlobal
