
Microsoft Visual Studio Solution File, Format Version 12.00
# Visual Studio Version 17
VisualStudioVersion = 17.13.35931.197 d17.13
MinimumVisualStudioVersion = 10.0.40219.1
Project("{FAE04EC0-301F-11D3-BF4B-00C04F79EFBC}") = "H12_T1", "H12_T1.csproj", "{86DCB4D2-CDDB-4521-8EF3-C09F3B543447}"
EndProject
Global
	GlobalSection(SolutionConfigurationPlatforms) = preSolution
		Debug|Any CPU = Debug|Any CPU
		Release|Any CPU = Release|Any CPU
	EndGlobalSection
	GlobalSection(ProjectConfigurationPlatforms) = postSolution
		{86DCB4D2-CDDB-4521-8EF3-C09F3B543447}.Debug|Any CPU.ActiveCfg = Debug|Any CPU
		{86DCB4D2-CDDB-4521-8EF3-C09F3B543447}.Debug|Any CPU.Build.0 = Debug|Any CPU
		{86DCB4D2-CDDB-4521-8EF3-C09F3B543447}.Release|Any CPU.ActiveCfg = Release|Any CPU
		{86DCB4D2-CDDB-4521-8EF3-C09F3B543447}.Release|Any CPU.Build.0 = Release|Any CPU
	EndGlobalSection
	GlobalSection(SolutionProperties) = preSolution
		HideSolutionNode = FALSE
	EndGlobalSection
	GlobalSection(ExtensibilityGlobals) = postSolution
		SolutionGuid = {D653367D-9659-4858-9F92-B3E63A864493}
	EndGlobalSection
EndGlobal
